
Microsoft Visual Studio Solution File, Format Version 12.00
# Visual Studio 15
VisualStudioVersion = 15.0.28307.136
MinimumVisualStudioVersion = 10.0.40219.1
Project("{FAE04EC0-301F-11D3-BF4B-00C04F79EFBC}") = "ShermanChrisProgram05RandNums", "ShermanChrisProgram05RandNums\ShermanChrisProgram05RandNums.csproj", "{41C0A0B9-9DE7-4E18-BF49-20257723F1FE}"
EndProject
Global
	GlobalSection(SolutionConfigurationPlatforms) = preSolution
		Debug|Any CPU = Debug|Any CPU
		Release|Any CPU = Release|Any CPU
	EndGlobalSection
	GlobalSection(ProjectConfigurationPlatforms) = postSolution
		{41C0A0B9-9DE7-4E18-BF49-20257723F1FE}.Debug|Any CPU.ActiveCfg = Debug|Any CPU
		{41C0A0B9-9DE7-4E18-BF49-20257723F1FE}.Debug|Any CPU.Build.0 = Debug|Any CPU
		{41C0A0B9-9DE7-4E18-BF49-20257723F1FE}.Release|Any CPU.ActiveCfg = Release|Any CPU
		{41C0A0B9-9DE7-4E18-BF49-20257723F1FE}.Release|Any CPU.Build.0 = Release|Any CPU
	EndGlobalSection
	GlobalSection(SolutionProperties) = preSolution
		HideSolutionNode = FALSE
	EndGlobalSection
	GlobalSection(ExtensibilityGlobals) = postSolution
		SolutionGuid = {4295D56A-23C5-4F59-848B-D55984D86903}
	EndGlobalSection
EndGlobal
